{
  "lockfile_version": "1",
  "packages": {
    "github:NixOS/nixpkgs/nixpkgs-unstable": {
      "last_modified": "2026-02-03T17:56:14Z",
      "resolved": "github:NixOS/nixpkgs/41965737c1797c1d83cfb0b644ed0840a6220bd1?lastModified=1770141374"
    },
    "libffi@40": {
      "last_modified": "2026-01-30T02:32:49Z",
      "resolved": "github:NixOS/nixpkgs/6308c3b21396534d8aaeac46179c14c439a89b8a#libffi",
      "source": "devbox-search",
      "version": "40",
      "systems": {
        "aarch64-darwin": {
          "outputs": [
            {
              "name": "out",
              "path": "/nix/store/qrxgid1vp1rgghi6wzvz2ihfblqfs1w7-libffi-40",
              "default": true
            },
            {
              "name": "man",
              "path": "/nix/store/k9szsrffinwi6ymjcn0j0ph7hc5a0bl5-libffi-40-man",
              "default": true
            },
            {
              "name": "info",
              "path": "/nix/store/dy8yxns085nr19xl23f5mxigd68zkxyv-libffi-40-info"
            },
            {
              "name": "dev",
              "path": "/nix/store/pbccrkksj02wi5hpfg6yy3x7b6gin0cm-libffi-40-dev"
            }
          ],
          "store_path": "/nix/store/qrxgid1vp1rgghi6wzvz2ihfblqfs1w7-libffi-40"
        },
        "x86_64-darwin": {
          "outputs": [
            {
              "name": "out",
              "path": "/nix/store/rdrx343p2cp1zmi8gwdyg0fmnp822zsw-libffi-40",
              "default": true
            },
            {
              "name": "man",
              "path": "/nix/store/844z60l1h8fqiknic14yg8yl61bygyy1-libffi-40-man",
              "default": true
            },
            {
              "name": "dev",
              "path": "/nix/store/kg98i8p94dr4w4pg34s0sgfad7qmn0nd-libffi-40-dev"
            },
            {
              "name": "info",
              "path": "/nix/store/ibqlb5d6dxp9s3axargxa03g2mf68w7z-libffi-40-info"
            }
          ],
          "store_path": "/nix/store/rdrx343p2cp1zmi8gwdyg0fmnp822zsw-libffi-40"
        }
      }
    },
    "libpq@18.4": {
      "last_modified": "2026-07-08T21:13:06Z",
      "resolved": "github:NixOS/nixpkgs/389ed85304b281ca7f306cf8a1eb4378651ca44e#libpq",
      "source": "devbox-search",
      "version": "18.4",
      "systems": {
        "aarch64-darwin": {
          "outputs": [
            {
              "name": "out",
              "path": "/nix/store/vxffvh9cs478ycqma2b5q4hcrwrhhw4y-libpq-18.4",
              "default": true
            },
            {
              "name": "dev",
              "path": "/nix/store/hrdr8hgkcppq5y088h4wf14a9xa3wrg7-libpq-18.4-dev"
            }
          ],
          "store_path": "/nix/store/vxffvh9cs478ycqma2b5q4hcrwrhhw4y-libpq-18.4"
        },
        "aarch64-linux": {
          "outputs": [
            {
              "name": "out",
              "path": "/nix/store/dxvrkzz22kn7v9s3a3y33vm7qkbphvzn-libpq-18.4",
              "default": true
            },
            {
              "name": "debug",
              "path": "/nix/store/ysm47wax1hdprmsqczilm1p6nn3gqjm8-libpq-18.4-debug"
            },
            {
              "name": "dev",
              "path": "/nix/store/bvysmvi520vafq4g8lp5wcawqjgja95h-libpq-18.4-dev"
            }
          ],
          "store_path": "/nix/store/dxvrkzz22kn7v9s3a3y33vm7qkbphvzn-libpq-18.4"
        },
        "x86_64-darwin": {
          "outputs": [
            {
              "name": "out",
              "path": "/nix/store/b3gqn4hynwfzcpppni38ihrr8nqinp6j-libpq-18.4",
              "default": true
            },
            {
              "name": "dev",
              "path": "/nix/store/bw1a253n9ffs84c8ym3iswf4p09z3mpp-libpq-18.4-dev"
            }
          ],
          "store_path": "/nix/store/b3gqn4hynwfzcpppni38ihrr8nqinp6j-libpq-18.4"
        },
        "x86_64-linux": {
          "outputs": [
            {
              "name": "out",
              "path": "/nix/store/j5820wlxia38ma1gdnd6ckkmqiq8c3vc-libpq-18.4",
              "default": true
            },
            {
              "name": "dev",
              "path": "/nix/store/rzrvfbbng273zc5vbqn9jpyaf5b2vn66-libpq-18.4-dev"
            },
            {
              "name": "debug",
              "path": "/nix/store/sv7mllk4wkvqacpyg7q1hffavi50qfzh-libpq-18.4-debug"
            }
          ],
          "store_path": "/nix/store/j5820wlxia38ma1gdnd6ckkmqiq8c3vc-libpq-18.4"
        }
      }
    },
    "libyaml@0.2.5": {
      "last_modified": "2026-01-23T17:20:52Z",
      "resolved": "github:NixOS/nixpkgs/a1bab9e494f5f4939442a57a58d0449a109593fe#libyaml",
      "source": "devbox-search",
      "version": "0.2.5",
      "systems": {
        "aarch64-darwin": {
          "outputs": [
            {
              "name": "out",
              "path": "/nix/store/b5sy81bq17mwkqmwphhg43rscn3jpgz9-libyaml-0.2.5",
              "default": true
            },
            {
              "name": "dev",
              "path": "/nix/store/amiqglvn5097pai4c5sl137kqprxhn5r-libyaml-0.2.5-dev"
            }
          ],
          "store_path": "/nix/store/b5sy81bq17mwkqmwphhg43rscn3jpgz9-libyaml-0.2.5"
        },
        "aarch64-linux": {
          "outputs": [
            {
              "name": "out",
              "path": "/nix/store/n5fnxxcjssd66dzs7gra2kdmyrx90hk3-libyaml-0.2.5",
              "default": true
            },
            {
              "name": "dev",
              "path": "/nix/store/gx87nywllhdbrcsfagi29h6qcbq6a469-libyaml-0.2.5-dev"
            }
          ],
          "store_path": "/nix/store/n5fnxxcjssd66dzs7gra2kdmyrx90hk3-libyaml-0.2.5"
        },
        "x86_64-darwin": {
          "outputs": [
            {
              "name": "out",
              "path": "/nix/store/mlzgqx1sxq67h0q7n8rhkwg1qcbir3w1-libyaml-0.2.5",
              "default": true
            },
            {
              "name": "dev",
              "path": "/nix/store/f9yww31039dgyv96p20bhhmkm6zc7wwn-libyaml-0.2.5-dev"
            }
          ],
          "store_path": "/nix/store/mlzgqx1sxq67h0q7n8rhkwg1qcbir3w1-libyaml-0.2.5"
        },
        "x86_64-linux": {
          "outputs": [
            {
              "name": "out",
              "path": "/nix/store/0s3m1rr713h04x5spxs31qvp8ribkjv5-libyaml-0.2.5",
              "default": true
            },
            {
              "name": "dev",
              "path": "/nix/store/rslc4j81yyb6nn5bgw482cv88vn7jaf0-libyaml-0.2.5-dev"
            }
          ],
          "store_path": "/nix/store/0s3m1rr713h04x5spxs31qvp8ribkjv5-libyaml-0.2.5"
        }
      }
    },
    "nodejs@24": {
      "last_modified": "2025-12-27T12:56:01Z",
      "plugin_version": "0.0.4",
      "resolved": "github:NixOS/nixpkgs/3edc4a30ed3903fdf6f90c837f961fa6b49582d1#nodejs_24",
      "source": "devbox-search",
      "version": "24.12.0",
      "systems": {
        "aarch64-darwin": {
          "outputs": [
            {
              "name": "out",
              "path": "/nix/store/b1h0af3yb3z9jz048phclcqw6ihiww67-nodejs-24.12.0",
              "default": true
            },
            {
              "name": "dev",
              "path": "/nix/store/ksn4nj0nbp0ikmh4scy9x4biqqdswwhy-nodejs-24.12.0-dev"
            },
            {
              "name": "libv8",
              "path": "/nix/store/3x72bm7l30ib7l7cximrp0sklcq8jqwy-nodejs-24.12.0-libv8"
            }
          ],
          "store_path": "/nix/store/b1h0af3yb3z9jz048phclcqw6ihiww67-nodejs-24.12.0"
        },
        "aarch64-linux": {
          "outputs": [
            {
              "name": "out",
              "path": "/nix/store/9jfsyhcr9c6rpm94lrkibv75jkggvwss-nodejs-24.12.0",
              "default": true
            },
            {
              "name": "dev",
              "path": "/nix/store/7izhv9x1yvsmyrhmmyps6bxjjclajm80-nodejs-24.12.0-dev"
            },
            {
              "name": "libv8",
              "path": "/nix/store/8hl74pnc1qyz68rg10ixw7fz32hcxqkk-nodejs-24.12.0-libv8"
            }
          ],
          "store_path": "/nix/store/9jfsyhcr9c6rpm94lrkibv75jkggvwss-nodejs-24.12.0"
        },
        "x86_64-darwin": {
          "outputs": [
            {
              "name": "out",
              "path": "/nix/store/cj1243xswxvnwgifyiyg8axhn0r2vl48-nodejs-24.12.0",
              "default": true
            },
            {
              "name": "dev",
              "path": "/nix/store/kzia3rkaf9vwpn3py23q9v49jpjm6zx7-nodejs-24.12.0-dev"
            },
            {
              "name": "libv8",
              "path": "/nix/store/xszji81xj7ghjhz7jk0jkhb84nfwyd8f-nodejs-24.12.0-libv8"
            }
          ],
          "store_path": "/nix/store/cj1243xswxvnwgifyiyg8axhn0r2vl48-nodejs-24.12.0"
        },
        "x86_64-linux": {
          "outputs": [
            {
              "name": "out",
              "path": "/nix/store/9z1v3wyrxp6fpyzw21lcakd5w7aknzyc-nodejs-24.12.0",
              "default": true
            },
            {
              "name": "libv8",
              "path": "/nix/store/5yvx909wlis13qd2y1ahwl7ij21ma69a-nodejs-24.12.0-libv8"
            },
            {
              "name": "dev",
              "path": "/nix/store/7ll99p08gmpg0n048669p80zjibl5akr-nodejs-24.12.0-dev"
            }
          ],
          "store_path": "/nix/store/9z1v3wyrxp6fpyzw21lcakd5w7aknzyc-nodejs-24.12.0"
        }
      }
    },
    "openssl@3.6.0": {
      "last_modified": "2025-12-05T06:24:47Z",
      "resolved": "github:NixOS/nixpkgs/42e29df35be6ef54091d3a3b4e97056ce0a98ce8#openssl",
      "source": "devbox-search",
      "version": "3.6.0",
      "systems": {
        "aarch64-darwin": {
          "outputs": [
            {
              "name": "bin",
              "path": "/nix/store/z9prisxci5h5lsk3rdknd4jzq7k9q13d-openssl-3.6.0-bin",
              "default": true
            },
            {
              "name": "man",
              "path": "/nix/store/ii9mnzr3i92mgk9dkgg65739mavd0j6f-openssl-3.6.0-man",
              "default": true
            },
            {
              "name": "dev",
              "path": "/nix/store/h0qgqik0mk0wn7rmm2kk3grfi1wzly74-openssl-3.6.0-dev"
            },
            {
              "name": "doc",
              "path": "/nix/store/yx3ip21fdaaxpjn5fbir02mqnaw9cm4f-openssl-3.6.0-doc"
            },
            {
              "name": "out",
              "path": "/nix/store/3z54dgks2mz3dhwddj158sdibll8xmq5-openssl-3.6.0"
            }
          ],
          "store_path": "/nix/store/z9prisxci5h5lsk3rdknd4jzq7k9q13d-openssl-3.6.0-bin"
        },
        "aarch64-linux": {
          "outputs": [
            {
              "name": "bin",
              "path": "/nix/store/wb6q44n9kcb5acmaa4rgqsajadx1fhhl-openssl-3.6.0-bin",
              "default": true
            },
            {
              "name": "man",
              "path": "/nix/store/c9n1alb7ypzjvzd47m16fiwfczz23qs3-openssl-3.6.0-man",
              "default": true
            },
            {
              "name": "debug",
              "path": "/nix/store/ci6d4k1sj4bnr892lsrqqmjiihqsk0bl-openssl-3.6.0-debug"
            },
            {
              "name": "dev",
              "path": "/nix/store/pq8b7fb3282g68pmk14mbyi20qn6chid-openssl-3.6.0-dev"
            },
            {
              "name": "doc",
              "path": "/nix/store/vaplp6w56dyz38986bgkf0pbg3r486b2-openssl-3.6.0-doc"
            },
            {
              "name": "out",
              "path": "/nix/store/nj50gkyx813dxvfmsg1q8m330hmf3h86-openssl-3.6.0"
            }
          ],
          "store_path": "/nix/store/wb6q44n9kcb5acmaa4rgqsajadx1fhhl-openssl-3.6.0-bin"
        },
        "x86_64-darwin": {
          "outputs": [
            {
              "name": "bin",
              "path": "/nix/store/m3xwn9n0jypwjgi256idfzs979g30j29-openssl-3.6.0-bin",
              "default": true
            },
            {
              "name": "man",
              "path": "/nix/store/hw43f3y1vl7ydrd4samnwnrwqqwkpisv-openssl-3.6.0-man",
              "default": true
            },
            {
              "name": "dev",
              "path": "/nix/store/dirjrfjk8jgsbdpslgb51cav6qaxn2vm-openssl-3.6.0-dev"
            },
            {
              "name": "doc",
              "path": "/nix/store/va1zhkz0nfmycvd0h239hi4w40qgaxcx-openssl-3.6.0-doc"
            },
            {
              "name": "out",
              "path": "/nix/store/q9a4wssx24xsy28w8kifdqizc01fh7sc-openssl-3.6.0"
            }
          ],
          "store_path": "/nix/store/m3xwn9n0jypwjgi256idfzs979g30j29-openssl-3.6.0-bin"
        },
        "x86_64-linux": {
          "outputs": [
            {
              "name": "bin",
              "path": "/nix/store/k0gl1zc7f5hk87lylxwbipb0b870bcmk-openssl-3.6.0-bin",
              "default": true
            },
            {
              "name": "man",
              "path": "/nix/store/a9jdl6xq9fc98ykpvqmc9kf0b0j9y8wh-openssl-3.6.0-man",
              "default": true
            },
            {
              "name": "debug",
              "path": "/nix/store/sqv8kbdgfxlr2d6nysr8c2715qpsi6f5-openssl-3.6.0-debug"
            },
            {
              "name": "dev",
              "path": "/nix/store/ydrckgnllgg8nmhdwni81h7xhcpnrlhd-openssl-3.6.0-dev"
            },
            {
              "name": "doc",
              "path": "/nix/store/cgp9ig35iwicfb9spcrgyg2m5dmlcgrv-openssl-3.6.0-doc"
            },
            {
              "name": "out",
              "path": "/nix/store/61i74yjkj9p1qphfl7018ja4sdwkipx0-openssl-3.6.0"
            }
          ],
          "store_path": "/nix/store/k0gl1zc7f5hk87lylxwbipb0b870bcmk-openssl-3.6.0-bin"
        }
      }
    },
    "postgresql_18@18.4": {
      "last_modified": "2026-07-08T01:50:52Z",
      "plugin_version": "0.0.2",
      "resolved": "github:NixOS/nixpkgs/05988b07fb05cbcb50be6bce197b4b5f75b5e61b#postgresql_18",
      "source": "devbox-search",
      "version": "18.4",
      "systems": {
        "aarch64-darwin": {
          "outputs": [
            {
              "name": "out",
              "path": "/nix/store/1rkkdl9d3mysa8b2bii9b6a4xl7hi0i2-postgresql-18.4",
              "default": true
            },
            {
              "name": "man",
              "path": "/nix/store/vdv4gcmxkzy3zmg2x6yn5a4xxdk0xkgz-postgresql-18.4-man",
              "default": true
            },
            {
              "name": "pltcl",
              "path": "/nix/store/b54wz6dfq9ykdasg9v60h0bj4mjvnlnm-postgresql-18.4-pltcl"
            },
            {
              "name": "lib",
              "path": "/nix/store/gx6182ynscr4rwrxjihlb7ixx5q372ad-postgresql-18.4-lib"
            },
            {
              "name": "plperl",
              "path": "/nix/store/bh1rydk6dk24a8857kiz1x5lldr9rfqd-postgresql-18.4-plperl"
            },
            {
              "name": "plpython3",
              "path": "/nix/store/riqzgfkirlcvbzph4qab84ipaly2k6xq-postgresql-18.4-plpython3"
            },
            {
              "name": "dev",
              "path": "/nix/store/wknwc7a2c8jmibhvr23yfdmly8kb4yj9-postgresql-18.4-dev"
            },
            {
              "name": "doc",
              "path": "/nix/store/9lqnbv7gnhm5pxxbrvs8k24n553dmvmr-postgresql-18.4-doc"
            },
            {
              "name": "jit",
              "path": "/nix/store/9nvq54libiv361rjbd0262cddr4qlrjc-postgresql-18.4-jit"
            }
          ],
          "store_path": "/nix/store/1rkkdl9d3mysa8b2bii9b6a4xl7hi0i2-postgresql-18.4"
        },
        "aarch64-linux": {
          "outputs": [
            {
              "name": "out",
              "path": "/nix/store/ddsz9kw37392p4gy4k0ksr638q0nfrpg-postgresql-18.4",
              "default": true
            },
            {
              "name": "man",
              "path": "/nix/store/j7w7z4dlwmnckwk1yrqwhyhhpfsfz1wi-postgresql-18.4-man",
              "default": true
            },
            {
              "name": "plperl",
              "path": "/nix/store/ysps429zl8z01zv3db0ilf67n4mzzqd0-postgresql-18.4-plperl"
            },
            {
              "name": "pltcl",
              "path": "/nix/store/lkx2g03yxg2lq6qx45qp7ls5qwzx2xz0-postgresql-18.4-pltcl"
            },
            {
              "name": "debug",
              "path": "/nix/store/9f9gk7zi1y9r7ck2b2wzwy25npwzws8c-postgresql-18.4-debug"
            },
            {
              "name": "jit",
              "path": "/nix/store/3dlhxx0m8kg30ms56s9a1qax8pxazal0-postgresql-18.4-jit"
            },
            {
              "name": "lib",
              "path": "/nix/store/60ll6n07iciim45mfn2i8byw9gwypscc-postgresql-18.4-lib"
            },
            {
              "name": "plpython3",
              "path": "/nix/store/i0zgz7bz6jlkr9gvj9c3nxfn07nsbdmb-postgresql-18.4-plpython3"
            },
            {
              "name": "dev",
              "path": "/nix/store/fr0rva9dg711dnn4l0dlmb5b0pxf3qs6-postgresql-18.4-dev"
            },
            {
              "name": "doc",
              "path": "/nix/store/fh2kyz5648xmibqdkcvds2iaskmhmfg4-postgresql-18.4-doc"
            }
          ],
          "store_path": "/nix/store/ddsz9kw37392p4gy4k0ksr638q0nfrpg-postgresql-18.4"
        },
        "x86_64-darwin": {
          "outputs": [
            {
              "name": "out",
              "path": "/nix/store/3dc3g00zhfb715hhnhv61rkmp1adr14p-postgresql-18.4",
              "default": true
            },
            {
              "name": "man",
              "path": "/nix/store/kvskbyiy6nyl3gl8kvs669jkja4f0jcf-postgresql-18.4-man",
              "default": true
            },
            {
              "name": "jit",
              "path": "/nix/store/jgja6slkkqi35n2llzjp9z34xrc416ff-postgresql-18.4-jit"
            },
            {
              "name": "lib",
              "path": "/nix/store/sz2s9pgzljf3fc64vxy0k2mnnhwb5405-postgresql-18.4-lib"
            },
            {
              "name": "plpython3",
              "path": "/nix/store/p2kzjmj9y6zfl7c7v6lbcscdrky9y1vw-postgresql-18.4-plpython3"
            },
            {
              "name": "pltcl",
              "path": "/nix/store/3lap8ricjig4a5kxgixs0h5qxflqbarx-postgresql-18.4-pltcl"
            },
            {
              "name": "dev",
              "path": "/nix/store/04zvfyv57xdrpq28d3j8k87df407ajyf-postgresql-18.4-dev"
            },
            {
              "name": "doc",
              "path": "/nix/store/604w2s094vq9b8rwq6jm6mdwarz0yz9i-postgresql-18.4-doc"
            },
            {
              "name": "plperl",
              "path": "/nix/store/zsfjmrgpb5103h74v3pdprhyjqmjaf5q-postgresql-18.4-plperl"
            }
          ],
          "store_path": "/nix/store/3dc3g00zhfb715hhnhv61rkmp1adr14p-postgresql-18.4"
        },
        "x86_64-linux": {
          "outputs": [
            {
              "name": "out",
              "path": "/nix/store/dyg2fcr8sjmxadp97d1w9gx48qv2s0ci-postgresql-18.4",
              "default": true
            },
            {
              "name": "man",
              "path": "/nix/store/y4lkphhi5b43b20zydsfz77diqrr9g0d-postgresql-18.4-man",
              "default": true
            },
            {
              "name": "debug",
              "path": "/nix/store/29d8ry68gsahx7dh5q8768q1wpmh6djk-postgresql-18.4-debug"
            },
            {
              "name": "lib",
              "path": "/nix/store/81mdiwccs6qkcr9zwvh0agklwf2x19w8-postgresql-18.4-lib"
            },
            {
              "name": "plperl",
              "path": "/nix/store/a6cf46lza0zwg05p9zksw13zg8zwfm7r-postgresql-18.4-plperl"
            },
            {
              "name": "pltcl",
              "path": "/nix/store/l3gilm7jfdy6nam5fvyfi6rly9w09rhg-postgresql-18.4-pltcl"
            },
            {
              "name": "dev",
              "path": "/nix/store/r25m1cj61259lvw4w97wmmnymv1vfqvj-postgresql-18.4-dev"
            },
            {
              "name": "doc",
              "path": "/nix/store/k44jzp3nr2dd4jyywf6zb9m77b6mv1cq-postgresql-18.4-doc"
            },
            {
              "name": "jit",
              "path": "/nix/store/ab62flcfxwvfcgcps0bv8zcf7qdll53c-postgresql-18.4-jit"
            },
            {
              "name": "plpython3",
              "path": "/nix/store/bbqbjhjv5r2lyrg886wryqbbrdlq8vww-postgresql-18.4-plpython3"
            }
          ],
          "store_path": "/nix/store/dyg2fcr8sjmxadp97d1w9gx48qv2s0ci-postgresql-18.4"
        }
      }
    },
    "readline@8.3p3": {
      "last_modified": "2026-01-23T17:20:52Z",
      "resolved": "github:NixOS/nixpkgs/a1bab9e494f5f4939442a57a58d0449a109593fe#readline",
      "source": "devbox-search",
      "version": "8.3p3",
      "systems": {
        "aarch64-darwin": {
          "outputs": [
            {
              "name": "out",
              "path": "/nix/store/xv6f1bajk99vi4p7r1pmxmxrrmbh59wp-readline-8.3p3",
              "default": true
            },
            {
              "name": "man",
              "path": "/nix/store/fjhlwbkfc7gr8nwryamr2bmqif3wf97b-readline-8.3p3-man",
              "default": true
            },
            {
              "name": "dev",
              "path": "/nix/store/yvpwmcc6rz43fljk8apcw6h2x0dyj719-readline-8.3p3-dev"
            },
            {
              "name": "doc",
              "path": "/nix/store/2cbl02hxgn6fnfz08579cxbp5xfr9l1q-readline-8.3p3-doc"
            },
            {
              "name": "info",
              "path": "/nix/store/5rpdb917pxdhhyysn0p1k4azhbyaw4a9-readline-8.3p3-info"
            }
          ],
          "store_path": "/nix/store/xv6f1bajk99vi4p7r1pmxmxrrmbh59wp-readline-8.3p3"
        },
        "aarch64-linux": {
          "outputs": [
            {
              "name": "out",
              "path": "/nix/store/qna0ylcnq7s8402x9sxnw2xh1cn35b6g-readline-8.3p3",
              "default": true
            },
            {
              "name": "man",
              "path": "/nix/store/dhh31x9i5xsj9cdrvpkzizh3rhrvx91n-readline-8.3p3-man",
              "default": true
            },
            {
              "name": "info",
              "path": "/nix/store/77sz3is1bj7zjllaiv9lc8w1vjqk1023-readline-8.3p3-info"
            },
            {
              "name": "dev",
              "path": "/nix/store/y2ldxsi6h1xr3m9y30gy7j9slgf7n7lw-readline-8.3p3-dev"
            },
            {
              "name": "doc",
              "path": "/nix/store/b38kznzz0msnf4jqdhdcy4bc29s2kgf5-readline-8.3p3-doc"
            }
          ],
          "store_path": "/nix/store/qna0ylcnq7s8402x9sxnw2xh1cn35b6g-readline-8.3p3"
        },
        "x86_64-darwin": {
          "outputs": [
            {
              "name": "out",
              "path": "/nix/store/q34pncd241lmgh1wqnp99v599ccbk34q-readline-8.3p3",
              "default": true
            },
            {
              "name": "man",
              "path": "/nix/store/yv3f0g9parah9qyw9r4h83bdipr1ywz4-readline-8.3p3-man",
              "default": true
            },
            {
              "name": "dev",
              "path": "/nix/store/4dnfnq4faj8lxngy05dypy1yxgnr63h5-readline-8.3p3-dev"
            },
            {
              "name": "doc",
              "path": "/nix/store/g1x37q9mps9dq9if6hmad3pn7c1193yp-readline-8.3p3-doc"
            },
            {
              "name": "info",
              "path": "/nix/store/rpnfgkbnrplqn5i1wpadv88yih1ck18p-readline-8.3p3-info"
            }
          ],
          "store_path": "/nix/store/q34pncd241lmgh1wqnp99v599ccbk34q-readline-8.3p3"
        },
        "x86_64-linux": {
          "outputs": [
            {
              "name": "out",
              "path": "/nix/store/8pqj80100baxyhcl9g03b7ywpj4s5mah-readline-8.3p3",
              "default": true
            },
            {
              "name": "man",
              "path": "/nix/store/iqrvwy4ln2rsh5qxlla9r03z7w9ybfz3-readline-8.3p3-man",
              "default": true
            },
            {
              "name": "dev",
              "path": "/nix/store/nldbqqf8gsg8h0vqjmb9pg75nxf3iwqn-readline-8.3p3-dev"
            },
            {
              "name": "doc",
              "path": "/nix/store/5df4lnvj87z8rchxdmcwxd092xwv54z5-readline-8.3p3-doc"
            },
            {
              "name": "info",
              "path": "/nix/store/rbm6c9f43qvzx7545cby42yy5g6rpifh-readline-8.3p3-info"
            }
          ],
          "store_path": "/nix/store/8pqj80100baxyhcl9g03b7ywpj4s5mah-readline-8.3p3"
        }
      }
    },
    "redis@8.8.0": {
      "last_modified": "2026-07-08T21:13:06Z",
      "plugin_version": "0.0.2",
      "resolved": "github:NixOS/nixpkgs/389ed85304b281ca7f306cf8a1eb4378651ca44e#redis",
      "source": "devbox-search",
      "version": "8.8.0",
      "systems": {
        "aarch64-darwin": {
          "outputs": [
            {
              "name": "out",
              "path": "/nix/store/289rw30lb7dllg8vx53dr6jhkvg8f4dz-redis-8.8.0",
              "default": true
            }
          ],
          "store_path": "/nix/store/289rw30lb7dllg8vx53dr6jhkvg8f4dz-redis-8.8.0"
        },
        "aarch64-linux": {
          "outputs": [
            {
              "name": "out",
              "path": "/nix/store/w4cfs4sn2xgm4q70zh29asz66w8hmfd7-redis-8.8.0",
              "default": true
            }
          ],
          "store_path": "/nix/store/w4cfs4sn2xgm4q70zh29asz66w8hmfd7-redis-8.8.0"
        },
        "x86_64-darwin": {
          "outputs": [
            {
              "name": "out",
              "path": "/nix/store/i6a9ixvcpn5d57cndc1359ccils4q19h-redis-8.8.0",
              "default": true
            }
          ],
          "store_path": "/nix/store/i6a9ixvcpn5d57cndc1359ccils4q19h-redis-8.8.0"
        },
        "x86_64-linux": {
          "outputs": [
            {
              "name": "out",
              "path": "/nix/store/r23x7f76yjl82zcfq5g31lzdrwjh7sc8-redis-8.8.0",
              "default": true
            }
          ],
          "store_path": "/nix/store/r23x7f76yjl82zcfq5g31lzdrwjh7sc8-redis-8.8.0"
        }
      }
    },
    "ruby@4.0.6": {
      "last_modified": "2026-07-14T18:49:32Z",
      "plugin_version": "0.0.2",
      "resolved": "github:NixOS/nixpkgs/3889d66586e664adc76aa5c242331d3d71786187#ruby_4_0",
      "source": "devbox-search",
      "version": "4.0.6",
      "systems": {
        "aarch64-darwin": {
          "outputs": [
            {
              "name": "out",
              "path": "/nix/store/x42gmia1yxhwpg5gmb73n3izr0nzm07j-ruby-4.0.6",
              "default": true
            },
            {
              "name": "devdoc",
              "path": "/nix/store/nw2p0xrnpmxz16c01k0snppdnl5k15cl-ruby-4.0.6-devdoc"
            }
          ],
          "store_path": "/nix/store/x42gmia1yxhwpg5gmb73n3izr0nzm07j-ruby-4.0.6"
        },
        "aarch64-linux": {
          "outputs": [
            {
              "name": "out",
              "path": "/nix/store/r8nq8wcina8mp3xn8fvmssfcw9qhkam9-ruby-4.0.6",
              "default": true
            },
            {
              "name": "devdoc",
              "path": "/nix/store/ckx7qirghaqjbdwy67jr4pvmxxx77ydf-ruby-4.0.6-devdoc"
            }
          ],
          "store_path": "/nix/store/r8nq8wcina8mp3xn8fvmssfcw9qhkam9-ruby-4.0.6"
        },
        "x86_64-linux": {
          "outputs": [
            {
              "name": "out",
              "path": "/nix/store/4nif0ynipwscqij3kw3r99ys4r3k6m2h-ruby-4.0.6",
              "default": true
            },
            {
              "name": "devdoc",
              "path": "/nix/store/k50s1rj0mpbk4z59k900cwg7nfcnm5qv-ruby-4.0.6-devdoc"
            }
          ],
          "store_path": "/nix/store/4nif0ynipwscqij3kw3r99ys4r3k6m2h-ruby-4.0.6"
        }
      }
    },
    "yarn@1.22": {
      "last_modified": "2026-01-23T17:20:52Z",
      "resolved": "github:NixOS/nixpkgs/a1bab9e494f5f4939442a57a58d0449a109593fe#yarn",
      "source": "devbox-search",
      "version": "1.22.22",
      "systems": {
        "aarch64-darwin": {
          "outputs": [
            {
              "name": "out",
              "path": "/nix/store/0cd64z50gqis8fcvcixhifd3c093gxma-yarn-1.22.22",
              "default": true
            }
          ],
          "store_path": "/nix/store/0cd64z50gqis8fcvcixhifd3c093gxma-yarn-1.22.22"
        },
        "aarch64-linux": {
          "outputs": [
            {
              "name": "out",
              "path": "/nix/store/r26rphs7kpljdnshd1nci1g5qjw0ayn2-yarn-1.22.22",
              "default": true
            }
          ],
          "store_path": "/nix/store/r26rphs7kpljdnshd1nci1g5qjw0ayn2-yarn-1.22.22"
        },
        "x86_64-darwin": {
          "outputs": [
            {
              "name": "out",
              "path": "/nix/store/n78iwihflnr0c8bf0xyhvm6nivq0yng2-yarn-1.22.22",
              "default": true
            }
          ],
          "store_path": "/nix/store/n78iwihflnr0c8bf0xyhvm6nivq0yng2-yarn-1.22.22"
        },
        "x86_64-linux": {
          "outputs": [
            {
              "name": "out",
              "path": "/nix/store/5yc7qn8vaawl2v2gqd0rv2igir9wasg3-yarn-1.22.22",
              "default": true
            }
          ],
          "store_path": "/nix/store/5yc7qn8vaawl2v2gqd0rv2igir9wasg3-yarn-1.22.22"
        }
      }
    },
    "zlib@1.3.1": {
      "last_modified": "2026-01-30T02:32:49Z",
      "resolved": "github:NixOS/nixpkgs/6308c3b21396534d8aaeac46179c14c439a89b8a#zlib",
      "source": "devbox-search",
      "version": "1.3.1",
      "systems": {
        "aarch64-darwin": {
          "outputs": [
            {
              "name": "out",
              "path": "/nix/store/9jnd22sbzignbmfcq5piwwd6l6xblqff-zlib-1.3.1",
              "default": true
            },
            {
              "name": "dev",
              "path": "/nix/store/j4is9rbfxh7gc7194zkwskc0pa2h08cr-zlib-1.3.1-dev"
            },
            {
              "name": "static",
              "path": "/nix/store/8afkbjnsah0wr7lib3jqmjj91nvdikip-zlib-1.3.1-static"
            }
          ],
          "store_path": "/nix/store/9jnd22sbzignbmfcq5piwwd6l6xblqff-zlib-1.3.1"
        },
        "aarch64-linux": {
          "outputs": [
            {
              "name": "out",
              "path": "/nix/store/dmd0z39kxj3bgp9gppvp8535hd1slajq-zlib-1.3.1",
              "default": true
            },
            {
              "name": "dev",
              "path": "/nix/store/w349a746n79ms8xdzglvzv5i8hhxdn6l-zlib-1.3.1-dev"
            },
            {
              "name": "static",
              "path": "/nix/store/8jcllvc2k4xyy69nc57sj20fham3nw05-zlib-1.3.1-static"
            }
          ],
          "store_path": "/nix/store/dmd0z39kxj3bgp9gppvp8535hd1slajq-zlib-1.3.1"
        },
        "x86_64-darwin": {
          "outputs": [
            {
              "name": "out",
              "path": "/nix/store/x76b36x85dy7q9bqnj5m5i1dzqsrahl9-zlib-1.3.1",
              "default": true
            },
            {
              "name": "dev",
              "path": "/nix/store/icfxwgx92lp9asbq5yr5k06hg7cnbgmd-zlib-1.3.1-dev"
            },
            {
              "name": "static",
              "path": "/nix/store/33gmcpjcl9bvx8c3w1rl7wjmmp56wv1h-zlib-1.3.1-static"
            }
          ],
          "store_path": "/nix/store/x76b36x85dy7q9bqnj5m5i1dzqsrahl9-zlib-1.3.1"
        },
        "x86_64-linux": {
          "outputs": [
            {
              "name": "out",
              "path": "/nix/store/ri9paa3mri4kqakljak8ldvbcp7lpmif-zlib-1.3.1",
              "default": true
            },
            {
              "name": "static",
              "path": "/nix/store/2z5lk1xsw7aa908cal042zpvzpz4xqa2-zlib-1.3.1-static"
            },
            {
              "name": "dev",
              "path": "/nix/store/wlafyp4d5mjdfvkj88m4l2a84fzcxjfv-zlib-1.3.1-dev"
            }
          ],
          "store_path": "/nix/store/ri9paa3mri4kqakljak8ldvbcp7lpmif-zlib-1.3.1"
        }
      }
    }
  }
}
