# THIS IS AN AUTOGENERATED FILE. DO NOT EDIT THIS FILE DIRECTLY.
# yarn lockfile v1


"@esbuild/android-arm64@0.18.7":
  version "0.18.7"
  resolved "https://registry.yarnpkg.com/@esbuild/android-arm64/-/android-arm64-0.18.7.tgz#18c9206e00ecaf914c003ab7d65ff62965ba521f"
  integrity sha512-o0VVztxJPkfDYbaU1tA1G1iwKiBh6Zt3bX5OdHDoITMFdRg+Mgdt3nHXMEtNlIjYA/Xn6hmlOYDHjJfQUduPuw==

"@esbuild/android-arm@0.18.7":
  version "0.18.7"
  resolved "https://registry.yarnpkg.com/@esbuild/android-arm/-/android-arm-0.18.7.tgz#dcdbaa2c56d3ca6de7601f2df2c5bc4e6893c325"
  integrity sha512-nDQ7AC5WVKOqxaip/E5YbaRgnilBMsoGKjoGLCeCOYNePaBCBDwJsLfa2fn3FEtktiLaAF990W592avsHjJ/Vg==

"@esbuild/android-x64@0.18.7":
  version "0.18.7"
  resolved "https://registry.yarnpkg.com/@esbuild/android-x64/-/android-x64-0.18.7.tgz#3295674459a520bf6a8fe1cb0e8261adf3cd5690"
  integrity sha512-ga8Dtpb01GorCi1dk3jEwDk3AK/3F+cR5P+//Tl0ERL2K2pK/J1f3t8hcJ+RRt3UYBV/uTL9GEnx7touX0KRPQ==

"@esbuild/darwin-arm64@0.18.7":
  version "0.18.7"
  resolved "https://registry.yarnpkg.com/@esbuild/darwin-arm64/-/darwin-arm64-0.18.7.tgz#8561468e17d3271a634b6c1281e201b463fc10be"
  integrity sha512-FVDOdfgyGOOISpd0b+UtA6YNbu5+RzZu7kDztjVsA/iZhGnyxbCR/vZ+B2j5yxbMZ9j3iz5uFiHIq1sl6nrZ0Q==

"@esbuild/darwin-x64@0.18.7":
  version "0.18.7"
  resolved "https://registry.yarnpkg.com/@esbuild/darwin-x64/-/darwin-x64-0.18.7.tgz#9ad104e7cddbca36da7474a039bb557d33616fbd"
  integrity sha512-w7aeD1UjDFXqyrZQLBIPYGmLR+gJsl+7QSwmSz+nVrCZOB7cyWEkIjCF8s4inUD3ja3WtKUIqzX5S4qDnU5q7Q==

"@esbuild/freebsd-arm64@0.18.7":
  version "0.18.7"
  resolved "https://registry.yarnpkg.com/@esbuild/freebsd-arm64/-/freebsd-arm64-0.18.7.tgz#7a34ab611dd27f25fbc14587e2c64b6447c2d25c"
  integrity sha512-wKyySDdoKVOPn9eDci/b3eP3EJVAVXC3b2CiaHphhCKfh4n5pWLwj7Ue96anK1HnpcZ0Uti8Sw9xq3Im0earHA==

"@esbuild/freebsd-x64@0.18.7":
  version "0.18.7"
  resolved "https://registry.yarnpkg.com/@esbuild/freebsd-x64/-/freebsd-x64-0.18.7.tgz#8eb59bf0015e4abd5ce3fc16094eb11174167b83"
  integrity sha512-rbfjbgSvzWRjQMKIntogK1d2oIAiA/ZVayXfK1WjcIIMQYLg74sAoT8CZBj30+bwn13YR0t6lgIxA1mJaS2Lhw==

"@esbuild/linux-arm64@0.18.7":
  version "0.18.7"
  resolved "https://registry.yarnpkg.com/@esbuild/linux-arm64/-/linux-arm64-0.18.7.tgz#67e406650867cff9a1efc738495180d93de2c50f"
  integrity sha512-cwfxKYroaD5BZ42NsfxdVU1issD2NxcuJHlCNsN5LtWq+kZMpwmIVDCJxKlgLIG7zH/4yq8lTuZJurxq058GsA==

"@esbuild/linux-arm@0.18.7":
  version "0.18.7"
  resolved "https://registry.yarnpkg.com/@esbuild/linux-arm/-/linux-arm-0.18.7.tgz#41a753d07dbac2204e50f61e3c76a5f3182237f2"
  integrity sha512-GpUBqqJnQ+7qdb7NqKNVj7TgD2JnLrEdzPtatPow77Me/EQ01GE1tHKZLePqhf5thdLDb5Se2Kcf4D9WTbSjmw==

"@esbuild/linux-ia32@0.18.7":
  version "0.18.7"
  resolved "https://registry.yarnpkg.com/@esbuild/linux-ia32/-/linux-ia32-0.18.7.tgz#d868c1fe7fb36afbf38a8334a3e203c1cdee4ed7"
  integrity sha512-SsvsGStwbArBcB/XNh+2MvUtgOLp0CR6Hn1PBWcdApCuAaMibHCDyzHS06+u/YOD1UpeXFHJZphix61HeVMH/w==

"@esbuild/linux-loong64@0.18.7":
  version "0.18.7"
  resolved "https://registry.yarnpkg.com/@esbuild/linux-loong64/-/linux-loong64-0.18.7.tgz#b97efda817ed11bc37bf30de32a7a39988dbf20a"
  integrity sha512-WOqQ0eaWGE/e9vmbxFT2exbWuXxHuG8ld0fN7oX5f0v7W6oveUIF4DLJYVae93t1+Icv5R0NBo8wv/o4hEvxBQ==

"@esbuild/linux-mips64el@0.18.7":
  version "0.18.7"
  resolved "https://registry.yarnpkg.com/@esbuild/linux-mips64el/-/linux-mips64el-0.18.7.tgz#2f27021be14d7dd2a6286996c4337c705a8c2c5f"
  integrity sha512-/dKQ3OLr2Tmj0kuf4ZJioD+qnADUEJSBaiuDbk8v5602HnNNBSGHPrEB6S8PSb8y8jWsX9MMnxqk5KpLTf86OQ==

"@esbuild/linux-ppc64@0.18.7":
  version "0.18.7"
  resolved "https://registry.yarnpkg.com/@esbuild/linux-ppc64/-/linux-ppc64-0.18.7.tgz#faea79660896105276d95a3ca06156b8e41f5517"
  integrity sha512-x/k1+daIqiGJt0Yhr5llFJ/zkRg1XAqcS2ntAYzS3pHogO8oIyc+LjsINgVyFCeFMFUZ9Ae9W5z2Ib05bMum3g==

"@esbuild/linux-riscv64@0.18.7":
  version "0.18.7"
  resolved "https://registry.yarnpkg.com/@esbuild/linux-riscv64/-/linux-riscv64-0.18.7.tgz#7047a31f042fefd25dd9266086d90cd44d2474c7"
  integrity sha512-LegTDzK9gL/sTkiZUGYLigTISwppZJvQL3MRmFgXgHrj3IzdWkPgMwEtOItK3YiFzhBSSNyKA0mSKEg4UuK8JQ==

"@esbuild/linux-s390x@0.18.7":
  version "0.18.7"
  resolved "https://registry.yarnpkg.com/@esbuild/linux-s390x/-/linux-s390x-0.18.7.tgz#77a3c952b19006af2e288658d3c29fb6c02c9bcb"
  integrity sha512-fjBl45O8ivc3Nl14hdGpbHoVtdHnYGsLpwnlv2rNyb5NOsgY3Y8EhVe/fqR9ndHgO4eL68knKxkrRveEJq+v1g==

"@esbuild/linux-x64@0.18.7":
  version "0.18.7"
  resolved "https://registry.yarnpkg.com/@esbuild/linux-x64/-/linux-x64-0.18.7.tgz#bcbec77a8cb23975995edbcce1583001bdde1cf6"
  integrity sha512-apYLJsg3wd3hW8nEt7H++8c8rTDvwXxX7h7YeI89g1RDPCT2QSXTO/xT1BCvFa/BFFoau+yvepQg2o5556FIWQ==

"@esbuild/netbsd-x64@0.18.7":
  version "0.18.7"
  resolved "https://registry.yarnpkg.com/@esbuild/netbsd-x64/-/netbsd-x64-0.18.7.tgz#deb2956dc3e1b16eb451afb1701fa2b2e458fcd8"
  integrity sha512-f82sUnrzdoW4MiiCDn1G3RSsPH8+no+okDhkHgGTGa+5F5wZCyxdXxzR6ctsiimvyPn9FIu9Zs+MesVsBRwyTw==

"@esbuild/openbsd-x64@0.18.7":
  version "0.18.7"
  resolved "https://registry.yarnpkg.com/@esbuild/openbsd-x64/-/openbsd-x64-0.18.7.tgz#6433ca91a6826f76b779f454fff97159f738b823"
  integrity sha512-1TNDfpFYhIloHeqSRbJFjHFMYtTJWgqI2+S9uCLVCWrADLl5tCe8vQKDfkM7Afz/lZyqi6qEX/Eg2KA5S7FcNQ==

"@esbuild/sunos-x64@0.18.7":
  version "0.18.7"
  resolved "https://registry.yarnpkg.com/@esbuild/sunos-x64/-/sunos-x64-0.18.7.tgz#a79c5f91896cf787e8ee4c11787c148482a18531"
  integrity sha512-lBhsHaM6EYCmzQCj+xeFev+dgqTgpSRqF7qXrxp5V4waFuidTBbWgqSXY5rsLRNLOyMMCh1cA+RqF8UL30oOJQ==

"@esbuild/win32-arm64@0.18.7":
  version "0.18.7"
  resolved "https://registry.yarnpkg.com/@esbuild/win32-arm64/-/win32-arm64-0.18.7.tgz#b5cb3c6c349ce4ece2e01fefe3e6cce464d39050"
  integrity sha512-p9ipv7rPKitXAAeufg5BzmyYZHZtFfrLGUX15+AxpTQqSZDAZd2wIusaOW5oONTf8RB53ujIqQw7W0QnZMuiUw==

"@esbuild/win32-ia32@0.18.7":
  version "0.18.7"
  resolved "https://registry.yarnpkg.com/@esbuild/win32-ia32/-/win32-ia32-0.18.7.tgz#9e904fbc6d80ea7cf91bc84e72535d6926c2ba66"
  integrity sha512-WmNxuE+j1wUT2rK+e1Oakx3zobS1rPpQudPytGM4nxXEGv0gpXEvnZnrykRwriNFbGVCwFJoE4txayjW76LsCw==

"@esbuild/win32-x64@0.18.7":
  version "0.18.7"
  resolved "https://registry.yarnpkg.com/@esbuild/win32-x64/-/win32-x64-0.18.7.tgz#d84f17fdeb3ebd595684f6cf29e76bf734a32533"
  integrity sha512-6RENfAwwL6dxQk/V1PxO/ejYRiOUVUaHi99hP3Dso/38jfNKFzU6YSSR/haJGNV/2wAHIgBMROQodna0IejAuA==

"@hotwired/stimulus@3.2.1":
  version "3.2.1"
  resolved "https://registry.yarnpkg.com/@hotwired/stimulus/-/stimulus-3.2.1.tgz#e3de23623b0c52c247aba4cd5d530d257008676b"
  integrity sha512-HGlzDcf9vv/EQrMJ5ZG6VWNs8Z/xMN+1o2OhV1gKiSG6CqZt5MCBB1gRg5ILiN3U0jEAxuDTNPRfBcnZBDmupQ==

"@hotwired/turbo-rails@7.3.0":
  version "7.3.0"
  resolved "https://registry.yarnpkg.com/@hotwired/turbo-rails/-/turbo-rails-7.3.0.tgz#422c21752509f3edcd6c7b2725bbe9e157815f51"
  integrity sha512-fvhO64vp/a2UVQ3jue9WTc2JisMv9XilIC7ViZmXAREVwiQ2S4UC7Go8f9A1j4Xu7DBI6SbFdqILk5ImqVoqyA==
  dependencies:
    "@hotwired/turbo" "^7.3.0"
    "@rails/actioncable" "^7.0"

"@hotwired/turbo@^7.3.0":
  version "7.3.0"
  resolved "https://registry.yarnpkg.com/@hotwired/turbo/-/turbo-7.3.0.tgz#2226000fff1aabda9fd9587474565c9929dbf15d"
  integrity sha512-Dcu+NaSvHLT7EjrDrkEmH4qET2ZJZ5IcCWmNXxNQTBwlnE5tBZfN6WxZ842n5cHV52DH/AKNirbPBtcEXDLW4g==

"@popperjs/core@2.11.8":
  version "2.11.8"
  resolved "https://registry.yarnpkg.com/@popperjs/core/-/core-2.11.8.tgz#6b79032e760a0899cd4204710beede972a3a185f"
  integrity sha512-P1st0aksCrn9sGZhp8GMYwBnQsbvAWsZAX44oXNNvLHGqAOcoVxmjZiohstwQ7SqKnbR47akdNi+uleWD8+g6A==

"@rails/actioncable@^7.0":
  version "7.0.4"
  resolved "https://registry.yarnpkg.com/@rails/actioncable/-/actioncable-7.0.4.tgz#70a3ca56809f7aaabb80af2f9c01ae51e1a8ed41"
  integrity sha512-tz4oM+Zn9CYsvtyicsa/AwzKZKL+ITHWkhiu7x+xF77clh2b4Rm+s6xnOgY/sGDWoFWZmtKsE95hxBPkgQQNnQ==

anymatch@~3.1.2:
  version "3.1.2"
  resolved "https://registry.npmjs.org/anymatch/-/anymatch-3.1.2.tgz"
  integrity sha512-P43ePfOAIupkguHUycrc4qJ9kz8ZiuOUijaETwX7THt0Y/GNK7v0aa8rY816xWjZ7rJdA5XdMcpVFTKMq+RvWg==
  dependencies:
    normalize-path "^3.0.0"
    picomatch "^2.0.4"

binary-extensions@^2.0.0:
  version "2.2.0"
  resolved "https://registry.npmjs.org/binary-extensions/-/binary-extensions-2.2.0.tgz"
  integrity sha512-jDctJ/IVQbZoJykoeHbhXpOlNBqGNcwXJKJog42E5HDPUwQTSdjCHdihjj0DlnheQ7blbT6dHOafNAiS8ooQKA==

bootstrap-icons@1.10.5:
  version "1.10.5"
  resolved "https://registry.yarnpkg.com/bootstrap-icons/-/bootstrap-icons-1.10.5.tgz#5a1bbb1bb2212397d416587db1d422cc9501847c"
  integrity sha512-oSX26F37V7QV7NCE53PPEL45d7EGXmBgHG3pDpZvcRaKVzWMqIRL9wcqJUyEha1esFtM3NJzvmxFXDxjJYD0jQ==

bootstrap@5.3.0:
  version "5.3.0"
  resolved "https://registry.yarnpkg.com/bootstrap/-/bootstrap-5.3.0.tgz#0718a7cc29040ee8dbf1bd652b896f3436a87c29"
  integrity sha512-UnBV3E3v4STVNQdms6jSGO2CvOkjUMdDAVR2V5N4uCMdaIkaQjbcEAMqRimDHIs4uqBYzDAKCQwCB+97tJgHQw==

braces@~3.0.2:
  version "3.0.2"
  resolved "https://registry.npmjs.org/braces/-/braces-3.0.2.tgz"
  integrity sha512-b8um+L1RzM3WDSzvhm6gIz1yfTbBt6YTlcEKAvsmqCZZFw46z626lVj9j1yEPW33H5H+lBQpZMP1k8l+78Ha0A==
  dependencies:
    fill-range "^7.0.1"

"chokidar@>=3.0.0 <4.0.0":
  version "3.5.3"
  resolved "https://registry.yarnpkg.com/chokidar/-/chokidar-3.5.3.tgz#1cf37c8707b932bd1af1ae22c0432e2acd1903bd"
  integrity sha512-Dr3sfKRP6oTcjf2JmUmFJfeVMvXBdegxB0iVQ5eb2V10uFJUCAS8OByZdVAyVb8xXNz3GjjTgj9kLWsZTqE6kw==
  dependencies:
    anymatch "~3.1.2"
    braces "~3.0.2"
    glob-parent "~5.1.2"
    is-binary-path "~2.1.0"
    is-glob "~4.0.1"
    normalize-path "~3.0.0"
    readdirp "~3.6.0"
  optionalDependencies:
    fsevents "~2.3.2"

esbuild@0.18.7:
  version "0.18.7"
  resolved "https://registry.yarnpkg.com/esbuild/-/esbuild-0.18.7.tgz#21aee690f22a0f2fee7ebe1d3a9e49569843a4ed"
  integrity sha512-46V0EFvQ/urmruUCChD1e0SZJWM0Ulny5F+uf5QkBry97HfvgvZTnjpTrwmw0+CGRhqTh9zpFeB+W8WGIEXOAQ==
  optionalDependencies:
    "@esbuild/android-arm" "0.18.7"
    "@esbuild/android-arm64" "0.18.7"
    "@esbuild/android-x64" "0.18.7"
    "@esbuild/darwin-arm64" "0.18.7"
    "@esbuild/darwin-x64" "0.18.7"
    "@esbuild/freebsd-arm64" "0.18.7"
    "@esbuild/freebsd-x64" "0.18.7"
    "@esbuild/linux-arm" "0.18.7"
    "@esbuild/linux-arm64" "0.18.7"
    "@esbuild/linux-ia32" "0.18.7"
    "@esbuild/linux-loong64" "0.18.7"
    "@esbuild/linux-mips64el" "0.18.7"
    "@esbuild/linux-ppc64" "0.18.7"
    "@esbuild/linux-riscv64" "0.18.7"
    "@esbuild/linux-s390x" "0.18.7"
    "@esbuild/linux-x64" "0.18.7"
    "@esbuild/netbsd-x64" "0.18.7"
    "@esbuild/openbsd-x64" "0.18.7"
    "@esbuild/sunos-x64" "0.18.7"
    "@esbuild/win32-arm64" "0.18.7"
    "@esbuild/win32-ia32" "0.18.7"
    "@esbuild/win32-x64" "0.18.7"

fill-range@^7.0.1:
  version "7.0.1"
  resolved "https://registry.npmjs.org/fill-range/-/fill-range-7.0.1.tgz"
  integrity sha512-qOo9F+dMUmC2Lcb4BbVvnKJxTPjCm+RRpe4gDuGrzkL7mEVl/djYSu2OdQ2Pa302N4oqkSg9ir6jaLWJ2USVpQ==
  dependencies:
    to-regex-range "^5.0.1"

fsevents@~2.3.2:
  version "2.3.2"
  resolved "https://registry.npmjs.org/fsevents/-/fsevents-2.3.2.tgz"
  integrity sha512-xiqMQR4xAeHTuB9uWm+fFRcIOgKBMiOBP+eXiyT7jsgVCq1bkVygt00oASowB7EdtpOHaaPgKt812P9ab+DDKA==

glob-parent@~5.1.2:
  version "5.1.2"
  resolved "https://registry.npmjs.org/glob-parent/-/glob-parent-5.1.2.tgz"
  integrity sha512-AOIgSQCepiJYwP3ARnGx+5VnTu2HBYdzbGP45eLw1vr3zB3vZLeyed1sC9hnbcOc9/SrMyM5RPQrkGz4aS9Zow==
  dependencies:
    is-glob "^4.0.1"

immutable@^4.0.0:
  version "4.1.0"
  resolved "https://registry.yarnpkg.com/immutable/-/immutable-4.1.0.tgz#f795787f0db780183307b9eb2091fcac1f6fafef"
  integrity sha512-oNkuqVTA8jqG1Q6c+UglTOD1xhC1BtjKI7XkCXRkZHrN5m18/XsnUp8Q89GkQO/z+0WjonSvl0FLhDYftp46nQ==

is-binary-path@~2.1.0:
  version "2.1.0"
  resolved "https://registry.npmjs.org/is-binary-path/-/is-binary-path-2.1.0.tgz"
  integrity sha512-ZMERYes6pDydyuGidse7OsHxtbI7WVeUEozgR/g7rd0xUimYNlvZRE/K2MgZTjWy725IfelLeVcEM97mmtRGXw==
  dependencies:
    binary-extensions "^2.0.0"

is-extglob@^2.1.1:
  version "2.1.1"
  resolved "https://registry.npmjs.org/is-extglob/-/is-extglob-2.1.1.tgz"
  integrity sha1-qIwCU1eR8C7TfHahueqXc8gz+MI=

is-glob@^4.0.1, is-glob@~4.0.1:
  version "4.0.1"
  resolved "https://registry.npmjs.org/is-glob/-/is-glob-4.0.1.tgz"
  integrity sha512-5G0tKtBTFImOqDnLB2hG6Bp2qcKEFduo4tZu9MT/H6NQv/ghhy30o55ufafxJ/LdH79LLs2Kfrn85TLKyA7BUg==
  dependencies:
    is-extglob "^2.1.1"

is-number@^7.0.0:
  version "7.0.0"
  resolved "https://registry.npmjs.org/is-number/-/is-number-7.0.0.tgz"
  integrity sha512-41Cifkg6e8TylSpdtTpeLVMqvSBEVzTttHvERD741+pnZ8ANv0004MRL43QKPDlK9cGvNp6NZWZUBlbGXYxxng==

normalize-path@^3.0.0, normalize-path@~3.0.0:
  version "3.0.0"
  resolved "https://registry.npmjs.org/normalize-path/-/normalize-path-3.0.0.tgz"
  integrity sha512-6eZs5Ls3WtCisHWp9S2GUy8dqkpGi4BVSz3GaqiE6ezub0512ESztXUwUB6C6IKbQkY2Pnb/mD4WYojCRwcwLA==

picomatch@^2.0.4, picomatch@^2.2.1:
  version "2.3.0"
  resolved "https://registry.npmjs.org/picomatch/-/picomatch-2.3.0.tgz"
  integrity sha512-lY1Q/PiJGC2zOv/z391WOTD+Z02bCgsFfvxoXXf6h7kv9o+WmsmzYqrAwY63sNgOxE4xEdq0WyUnXfKeBrSvYw==

readdirp@~3.6.0:
  version "3.6.0"
  resolved "https://registry.npmjs.org/readdirp/-/readdirp-3.6.0.tgz"
  integrity sha512-hOS089on8RduqdbhvQ5Z37A0ESjsqz6qnRcffsMU3495FuTdqSm+7bhJ29JvIOsBDEEnan5DPu9t3To9VRlMzA==
  dependencies:
    picomatch "^2.2.1"

sass@1.63.6:
  version "1.63.6"
  resolved "https://registry.yarnpkg.com/sass/-/sass-1.63.6.tgz#481610e612902e0c31c46b46cf2dad66943283ea"
  integrity sha512-MJuxGMHzaOW7ipp+1KdELtqKbfAWbH7OLIdoSMnVe3EXPMTmxTmlaZDCTsgIpPCs3w99lLo9/zDKkOrJuT5byw==
  dependencies:
    chokidar ">=3.0.0 <4.0.0"
    immutable "^4.0.0"
    source-map-js ">=0.6.2 <2.0.0"

"source-map-js@>=0.6.2 <2.0.0":
  version "1.0.2"
  resolved "https://registry.yarnpkg.com/source-map-js/-/source-map-js-1.0.2.tgz#adbc361d9c62df380125e7f161f71c826f1e490c"
  integrity sha512-R0XvVJ9WusLiqTCEiGCmICCMplcCkIwwR11mOSD9CR5u+IXYdiseeEuXCVAjS54zqwkLcPNnmU4OeJ6tUrWhDw==

to-regex-range@^5.0.1:
  version "5.0.1"
  resolved "https://registry.npmjs.org/to-regex-range/-/to-regex-range-5.0.1.tgz"
  integrity sha512-65P7iz6X5yEr1cwcgvQxbbIw7Uk3gOy5dIdtZ4rDveLqhrdJP+Li/Hx6tyK0NEb+2GCyneCMJiGqrADCSNk8sQ==
  dependencies:
    is-number "^7.0.0"
