# THIS IS AN AUTOGENERATED FILE. DO NOT EDIT THIS FILE DIRECTLY.
# yarn lockfile v1


"@esbuild/aix-ppc64@0.27.2":
  version "0.27.2"
  resolved "https://registry.yarnpkg.com/@esbuild/aix-ppc64/-/aix-ppc64-0.27.2.tgz#521cbd968dcf362094034947f76fa1b18d2d403c"
  integrity sha512-GZMB+a0mOMZs4MpDbj8RJp4cw+w1WV5NYD6xzgvzUJ5Ek2jerwfO2eADyI6ExDSUED+1X8aMbegahsJi+8mgpw==

"@esbuild/android-arm64@0.27.2":
  version "0.27.2"
  resolved "https://registry.yarnpkg.com/@esbuild/android-arm64/-/android-arm64-0.27.2.tgz#61ea550962d8aa12a9b33194394e007657a6df57"
  integrity sha512-pvz8ZZ7ot/RBphf8fv60ljmaoydPU12VuXHImtAs0XhLLw+EXBi2BLe3OYSBslR4rryHvweW5gmkKFwTiFy6KA==

"@esbuild/android-arm@0.27.2":
  version "0.27.2"
  resolved "https://registry.yarnpkg.com/@esbuild/android-arm/-/android-arm-0.27.2.tgz#554887821e009dd6d853f972fde6c5143f1de142"
  integrity sha512-DVNI8jlPa7Ujbr1yjU2PfUSRtAUZPG9I1RwW4F4xFB1Imiu2on0ADiI/c3td+KmDtVKNbi+nffGDQMfcIMkwIA==

"@esbuild/android-x64@0.27.2":
  version "0.27.2"
  resolved "https://registry.yarnpkg.com/@esbuild/android-x64/-/android-x64-0.27.2.tgz#a7ce9d0721825fc578f9292a76d9e53334480ba2"
  integrity sha512-z8Ank4Byh4TJJOh4wpz8g2vDy75zFL0TlZlkUkEwYXuPSgX8yzep596n6mT7905kA9uHZsf/o2OJZubl2l3M7A==

"@esbuild/darwin-arm64@0.27.2":
  version "0.27.2"
  resolved "https://registry.yarnpkg.com/@esbuild/darwin-arm64/-/darwin-arm64-0.27.2.tgz#2cb7659bd5d109803c593cfc414450d5430c8256"
  integrity sha512-davCD2Zc80nzDVRwXTcQP/28fiJbcOwvdolL0sOiOsbwBa72kegmVU0Wrh1MYrbuCL98Omp5dVhQFWRKR2ZAlg==

"@esbuild/darwin-x64@0.27.2":
  version "0.27.2"
  resolved "https://registry.yarnpkg.com/@esbuild/darwin-x64/-/darwin-x64-0.27.2.tgz#e741fa6b1abb0cd0364126ba34ca17fd5e7bf509"
  integrity sha512-ZxtijOmlQCBWGwbVmwOF/UCzuGIbUkqB1faQRf5akQmxRJ1ujusWsb3CVfk/9iZKr2L5SMU5wPBi1UWbvL+VQA==

"@esbuild/freebsd-arm64@0.27.2":
  version "0.27.2"
  resolved "https://registry.yarnpkg.com/@esbuild/freebsd-arm64/-/freebsd-arm64-0.27.2.tgz#2b64e7116865ca172d4ce034114c21f3c93e397c"
  integrity sha512-lS/9CN+rgqQ9czogxlMcBMGd+l8Q3Nj1MFQwBZJyoEKI50XGxwuzznYdwcav6lpOGv5BqaZXqvBSiB/kJ5op+g==

"@esbuild/freebsd-x64@0.27.2":
  version "0.27.2"
  resolved "https://registry.yarnpkg.com/@esbuild/freebsd-x64/-/freebsd-x64-0.27.2.tgz#e5252551e66f499e4934efb611812f3820e990bb"
  integrity sha512-tAfqtNYb4YgPnJlEFu4c212HYjQWSO/w/h/lQaBK7RbwGIkBOuNKQI9tqWzx7Wtp7bTPaGC6MJvWI608P3wXYA==

"@esbuild/linux-arm64@0.27.2":
  version "0.27.2"
  resolved "https://registry.yarnpkg.com/@esbuild/linux-arm64/-/linux-arm64-0.27.2.tgz#dc4acf235531cd6984f5d6c3b13dbfb7ddb303cb"
  integrity sha512-hYxN8pr66NsCCiRFkHUAsxylNOcAQaxSSkHMMjcpx0si13t1LHFphxJZUiGwojB1a/Hd5OiPIqDdXONia6bhTw==

"@esbuild/linux-arm@0.27.2":
  version "0.27.2"
  resolved "https://registry.yarnpkg.com/@esbuild/linux-arm/-/linux-arm-0.27.2.tgz#56a900e39240d7d5d1d273bc053daa295c92e322"
  integrity sha512-vWfq4GaIMP9AIe4yj1ZUW18RDhx6EPQKjwe7n8BbIecFtCQG4CfHGaHuh7fdfq+y3LIA2vGS/o9ZBGVxIDi9hw==

"@esbuild/linux-ia32@0.27.2":
  version "0.27.2"
  resolved "https://registry.yarnpkg.com/@esbuild/linux-ia32/-/linux-ia32-0.27.2.tgz#d4a36d473360f6870efcd19d52bbfff59a2ed1cc"
  integrity sha512-MJt5BRRSScPDwG2hLelYhAAKh9imjHK5+NE/tvnRLbIqUWa+0E9N4WNMjmp/kXXPHZGqPLxggwVhz7QP8CTR8w==

"@esbuild/linux-loong64@0.27.2":
  version "0.27.2"
  resolved "https://registry.yarnpkg.com/@esbuild/linux-loong64/-/linux-loong64-0.27.2.tgz#fcf0ab8c3eaaf45891d0195d4961cb18b579716a"
  integrity sha512-lugyF1atnAT463aO6KPshVCJK5NgRnU4yb3FUumyVz+cGvZbontBgzeGFO1nF+dPueHD367a2ZXe1NtUkAjOtg==

"@esbuild/linux-mips64el@0.27.2":
  version "0.27.2"
  resolved "https://registry.yarnpkg.com/@esbuild/linux-mips64el/-/linux-mips64el-0.27.2.tgz#598b67d34048bb7ee1901cb12e2a0a434c381c10"
  integrity sha512-nlP2I6ArEBewvJ2gjrrkESEZkB5mIoaTswuqNFRv/WYd+ATtUpe9Y09RnJvgvdag7he0OWgEZWhviS1OTOKixw==

"@esbuild/linux-ppc64@0.27.2":
  version "0.27.2"
  resolved "https://registry.yarnpkg.com/@esbuild/linux-ppc64/-/linux-ppc64-0.27.2.tgz#3846c5df6b2016dab9bc95dde26c40f11e43b4c0"
  integrity sha512-C92gnpey7tUQONqg1n6dKVbx3vphKtTHJaNG2Ok9lGwbZil6DrfyecMsp9CrmXGQJmZ7iiVXvvZH6Ml5hL6XdQ==

"@esbuild/linux-riscv64@0.27.2":
  version "0.27.2"
  resolved "https://registry.yarnpkg.com/@esbuild/linux-riscv64/-/linux-riscv64-0.27.2.tgz#173d4475b37c8d2c3e1707e068c174bb3f53d07d"
  integrity sha512-B5BOmojNtUyN8AXlK0QJyvjEZkWwy/FKvakkTDCziX95AowLZKR6aCDhG7LeF7uMCXEJqwa8Bejz5LTPYm8AvA==

"@esbuild/linux-s390x@0.27.2":
  version "0.27.2"
  resolved "https://registry.yarnpkg.com/@esbuild/linux-s390x/-/linux-s390x-0.27.2.tgz#f7a4790105edcab8a5a31df26fbfac1aa3dacfab"
  integrity sha512-p4bm9+wsPwup5Z8f4EpfN63qNagQ47Ua2znaqGH6bqLlmJ4bx97Y9JdqxgGZ6Y8xVTixUnEkoKSHcpRlDnNr5w==

"@esbuild/linux-x64@0.27.2":
  version "0.27.2"
  resolved "https://registry.yarnpkg.com/@esbuild/linux-x64/-/linux-x64-0.27.2.tgz#2ecc1284b1904aeb41e54c9ddc7fcd349b18f650"
  integrity sha512-uwp2Tip5aPmH+NRUwTcfLb+W32WXjpFejTIOWZFw/v7/KnpCDKG66u4DLcurQpiYTiYwQ9B7KOeMJvLCu/OvbA==

"@esbuild/netbsd-arm64@0.27.2":
  version "0.27.2"
  resolved "https://registry.yarnpkg.com/@esbuild/netbsd-arm64/-/netbsd-arm64-0.27.2.tgz#e2863c2cd1501845995cb11adf26f7fe4be527b0"
  integrity sha512-Kj6DiBlwXrPsCRDeRvGAUb/LNrBASrfqAIok+xB0LxK8CHqxZ037viF13ugfsIpePH93mX7xfJp97cyDuTZ3cw==

"@esbuild/netbsd-x64@0.27.2":
  version "0.27.2"
  resolved "https://registry.yarnpkg.com/@esbuild/netbsd-x64/-/netbsd-x64-0.27.2.tgz#93f7609e2885d1c0b5a1417885fba8d1fcc41272"
  integrity sha512-HwGDZ0VLVBY3Y+Nw0JexZy9o/nUAWq9MlV7cahpaXKW6TOzfVno3y3/M8Ga8u8Yr7GldLOov27xiCnqRZf0tCA==

"@esbuild/openbsd-arm64@0.27.2":
  version "0.27.2"
  resolved "https://registry.yarnpkg.com/@esbuild/openbsd-arm64/-/openbsd-arm64-0.27.2.tgz#a1985604a203cdc325fd47542e106fafd698f02e"
  integrity sha512-DNIHH2BPQ5551A7oSHD0CKbwIA/Ox7+78/AWkbS5QoRzaqlev2uFayfSxq68EkonB+IKjiuxBFoV8ESJy8bOHA==

"@esbuild/openbsd-x64@0.27.2":
  version "0.27.2"
  resolved "https://registry.yarnpkg.com/@esbuild/openbsd-x64/-/openbsd-x64-0.27.2.tgz#8209e46c42f1ffbe6e4ef77a32e1f47d404ad42a"
  integrity sha512-/it7w9Nb7+0KFIzjalNJVR5bOzA9Vay+yIPLVHfIQYG/j+j9VTH84aNB8ExGKPU4AzfaEvN9/V4HV+F+vo8OEg==

"@esbuild/openharmony-arm64@0.27.2":
  version "0.27.2"
  resolved "https://registry.yarnpkg.com/@esbuild/openharmony-arm64/-/openharmony-arm64-0.27.2.tgz#8fade4441893d9cc44cbd7dcf3776f508ab6fb2f"
  integrity sha512-LRBbCmiU51IXfeXk59csuX/aSaToeG7w48nMwA6049Y4J4+VbWALAuXcs+qcD04rHDuSCSRKdmY63sruDS5qag==

"@esbuild/sunos-x64@0.27.2":
  version "0.27.2"
  resolved "https://registry.yarnpkg.com/@esbuild/sunos-x64/-/sunos-x64-0.27.2.tgz#980d4b9703a16f0f07016632424fc6d9a789dfc2"
  integrity sha512-kMtx1yqJHTmqaqHPAzKCAkDaKsffmXkPHThSfRwZGyuqyIeBvf08KSsYXl+abf5HDAPMJIPnbBfXvP2ZC2TfHg==

"@esbuild/win32-arm64@0.27.2":
  version "0.27.2"
  resolved "https://registry.yarnpkg.com/@esbuild/win32-arm64/-/win32-arm64-0.27.2.tgz#1c09a3633c949ead3d808ba37276883e71f6111a"
  integrity sha512-Yaf78O/B3Kkh+nKABUF++bvJv5Ijoy9AN1ww904rOXZFLWVc5OLOfL56W+C8F9xn5JQZa3UX6m+IktJnIb1Jjg==

"@esbuild/win32-ia32@0.27.2":
  version "0.27.2"
  resolved "https://registry.yarnpkg.com/@esbuild/win32-ia32/-/win32-ia32-0.27.2.tgz#1b1e3a63ad4bef82200fef4e369e0fff7009eee5"
  integrity sha512-Iuws0kxo4yusk7sw70Xa2E2imZU5HoixzxfGCdxwBdhiDgt9vX9VUCBhqcwY7/uh//78A1hMkkROMJq9l27oLQ==

"@esbuild/win32-x64@0.27.2":
  version "0.27.2"
  resolved "https://registry.yarnpkg.com/@esbuild/win32-x64/-/win32-x64-0.27.2.tgz#9e585ab6086bef994c6e8a5b3a0481219ada862b"
  integrity sha512-sRdU18mcKf7F+YgheI/zGf5alZatMUTKj/jNS6l744f9u3WFu4v7twcUI9vu4mknF4Y9aDlblIie0IM+5xxaqQ==

"@hotwired/stimulus@3.2.2":
  version "3.2.2"
  resolved "https://registry.yarnpkg.com/@hotwired/stimulus/-/stimulus-3.2.2.tgz#071aab59c600fed95b97939e605ff261a4251608"
  integrity sha512-eGeIqNOQpXoPAIP7tC1+1Yc1yl1xnwYqg+3mzqxyrbE5pg5YFBZcA6YoTiByJB6DKAEsiWtl6tjTJS4IYtbB7A==

"@hotwired/turbo-rails@8.0.16":
  version "8.0.16"
  resolved "https://registry.yarnpkg.com/@hotwired/turbo-rails/-/turbo-rails-8.0.16.tgz#096f3bec8c3c04d4aac4dd0f75305c67b3db3501"
  integrity sha512-Yxiy2x+N3eOIEDokvLzSrd08aI5RDKnFYDQFl2J/LuMEWTtPdY7oNP0F/gv/sSe5AV23Lwz4FitG/uNFXNM5tA==
  dependencies:
    "@hotwired/turbo" "^8.0.13"
    "@rails/actioncable" ">=7.0"

"@hotwired/turbo@^8.0.13":
  version "8.0.13"
  resolved "https://registry.yarnpkg.com/@hotwired/turbo/-/turbo-8.0.13.tgz#ab35fda9d358432c8a872a833844b38cccb8c25b"
  integrity sha512-M7qXUqcGab6G5PKOiwhgbByTtrPgKPFCTMNQ52QhzUEXEqmp0/ApEguUesh/FPiUjrmFec+3lq98KsWnYY2C7g==

"@parcel/watcher-android-arm64@2.5.0":
  version "2.5.0"
  resolved "https://registry.yarnpkg.com/@parcel/watcher-android-arm64/-/watcher-android-arm64-2.5.0.tgz#e32d3dda6647791ee930556aee206fcd5ea0fb7a"
  integrity sha512-qlX4eS28bUcQCdribHkg/herLe+0A9RyYC+mm2PXpncit8z5b3nSqGVzMNR3CmtAOgRutiZ02eIJJgP/b1iEFQ==

"@parcel/watcher-darwin-arm64@2.5.0":
  version "2.5.0"
  resolved "https://registry.yarnpkg.com/@parcel/watcher-darwin-arm64/-/watcher-darwin-arm64-2.5.0.tgz#0d9e680b7e9ec1c8f54944f1b945aa8755afb12f"
  integrity sha512-hyZ3TANnzGfLpRA2s/4U1kbw2ZI4qGxaRJbBH2DCSREFfubMswheh8TeiC1sGZ3z2jUf3s37P0BBlrD3sjVTUw==

"@parcel/watcher-darwin-x64@2.5.0":
  version "2.5.0"
  resolved "https://registry.yarnpkg.com/@parcel/watcher-darwin-x64/-/watcher-darwin-x64-2.5.0.tgz#f9f1d5ce9d5878d344f14ef1856b7a830c59d1bb"
  integrity sha512-9rhlwd78saKf18fT869/poydQK8YqlU26TMiNg7AIu7eBp9adqbJZqmdFOsbZ5cnLp5XvRo9wcFmNHgHdWaGYA==

"@parcel/watcher-freebsd-x64@2.5.0":
  version "2.5.0"
  resolved "https://registry.yarnpkg.com/@parcel/watcher-freebsd-x64/-/watcher-freebsd-x64-2.5.0.tgz#2b77f0c82d19e84ff4c21de6da7f7d096b1a7e82"
  integrity sha512-syvfhZzyM8kErg3VF0xpV8dixJ+RzbUaaGaeb7uDuz0D3FK97/mZ5AJQ3XNnDsXX7KkFNtyQyFrXZzQIcN49Tw==

"@parcel/watcher-linux-arm-glibc@2.5.0":
  version "2.5.0"
  resolved "https://registry.yarnpkg.com/@parcel/watcher-linux-arm-glibc/-/watcher-linux-arm-glibc-2.5.0.tgz#92ed322c56dbafa3d2545dcf2803334aee131e42"
  integrity sha512-0VQY1K35DQET3dVYWpOaPFecqOT9dbuCfzjxoQyif1Wc574t3kOSkKevULddcR9znz1TcklCE7Ht6NIxjvTqLA==

"@parcel/watcher-linux-arm-musl@2.5.0":
  version "2.5.0"
  resolved "https://registry.yarnpkg.com/@parcel/watcher-linux-arm-musl/-/watcher-linux-arm-musl-2.5.0.tgz#cd48e9bfde0cdbbd2ecd9accfc52967e22f849a4"
  integrity sha512-6uHywSIzz8+vi2lAzFeltnYbdHsDm3iIB57d4g5oaB9vKwjb6N6dRIgZMujw4nm5r6v9/BQH0noq6DzHrqr2pA==

"@parcel/watcher-linux-arm64-glibc@2.5.0":
  version "2.5.0"
  resolved "https://registry.yarnpkg.com/@parcel/watcher-linux-arm64-glibc/-/watcher-linux-arm64-glibc-2.5.0.tgz#7b81f6d5a442bb89fbabaf6c13573e94a46feb03"
  integrity sha512-BfNjXwZKxBy4WibDb/LDCriWSKLz+jJRL3cM/DllnHH5QUyoiUNEp3GmL80ZqxeumoADfCCP19+qiYiC8gUBjA==

"@parcel/watcher-linux-arm64-musl@2.5.0":
  version "2.5.0"
  resolved "https://registry.yarnpkg.com/@parcel/watcher-linux-arm64-musl/-/watcher-linux-arm64-musl-2.5.0.tgz#dcb8ff01077cdf59a18d9e0a4dff7a0cfe5fd732"
  integrity sha512-S1qARKOphxfiBEkwLUbHjCY9BWPdWnW9j7f7Hb2jPplu8UZ3nes7zpPOW9bkLbHRvWM0WDTsjdOTUgW0xLBN1Q==

"@parcel/watcher-linux-x64-glibc@2.5.0":
  version "2.5.0"
  resolved "https://registry.yarnpkg.com/@parcel/watcher-linux-x64-glibc/-/watcher-linux-x64-glibc-2.5.0.tgz#2e254600fda4e32d83942384d1106e1eed84494d"
  integrity sha512-d9AOkusyXARkFD66S6zlGXyzx5RvY+chTP9Jp0ypSTC9d4lzyRs9ovGf/80VCxjKddcUvnsGwCHWuF2EoPgWjw==

"@parcel/watcher-linux-x64-musl@2.5.0":
  version "2.5.0"
  resolved "https://registry.yarnpkg.com/@parcel/watcher-linux-x64-musl/-/watcher-linux-x64-musl-2.5.0.tgz#01fcea60fedbb3225af808d3f0a7b11229792eef"
  integrity sha512-iqOC+GoTDoFyk/VYSFHwjHhYrk8bljW6zOhPuhi5t9ulqiYq1togGJB5e3PwYVFFfeVgc6pbz3JdQyDoBszVaA==

"@parcel/watcher-win32-arm64@2.5.0":
  version "2.5.0"
  resolved "https://registry.yarnpkg.com/@parcel/watcher-win32-arm64/-/watcher-win32-arm64-2.5.0.tgz#87cdb16e0783e770197e52fb1dc027bb0c847154"
  integrity sha512-twtft1d+JRNkM5YbmexfcH/N4znDtjgysFaV9zvZmmJezQsKpkfLYJ+JFV3uygugK6AtIM2oADPkB2AdhBrNig==

"@parcel/watcher-win32-ia32@2.5.0":
  version "2.5.0"
  resolved "https://registry.yarnpkg.com/@parcel/watcher-win32-ia32/-/watcher-win32-ia32-2.5.0.tgz#778c39b56da33e045ba21c678c31a9f9d7c6b220"
  integrity sha512-+rgpsNRKwo8A53elqbbHXdOMtY/tAtTzManTWShB5Kk54N8Q9mzNWV7tV+IbGueCbcj826MfWGU3mprWtuf1TA==

"@parcel/watcher-win32-x64@2.5.0":
  version "2.5.0"
  resolved "https://registry.yarnpkg.com/@parcel/watcher-win32-x64/-/watcher-win32-x64-2.5.0.tgz#33873876d0bbc588aacce38e90d1d7480ce81cb7"
  integrity sha512-lPrxve92zEHdgeff3aiu4gDOIt4u7sJYha6wbdEZDCDUhtjTsOMiaJzG5lMY4GkWH8p0fMmO2Ppq5G5XXG+DQw==

"@parcel/watcher@^2.4.1":
  version "2.5.0"
  resolved "https://registry.yarnpkg.com/@parcel/watcher/-/watcher-2.5.0.tgz#5c88818b12b8de4307a9d3e6dc3e28eba0dfbd10"
  integrity sha512-i0GV1yJnm2n3Yq1qw6QrUrd/LI9bE8WEBOTtOkpCXHHdyN3TAGgqAK/DAT05z4fq2x04cARXt2pDmjWjL92iTQ==
  dependencies:
    detect-libc "^1.0.3"
    is-glob "^4.0.3"
    micromatch "^4.0.5"
    node-addon-api "^7.0.0"
  optionalDependencies:
    "@parcel/watcher-android-arm64" "2.5.0"
    "@parcel/watcher-darwin-arm64" "2.5.0"
    "@parcel/watcher-darwin-x64" "2.5.0"
    "@parcel/watcher-freebsd-x64" "2.5.0"
    "@parcel/watcher-linux-arm-glibc" "2.5.0"
    "@parcel/watcher-linux-arm-musl" "2.5.0"
    "@parcel/watcher-linux-arm64-glibc" "2.5.0"
    "@parcel/watcher-linux-arm64-musl" "2.5.0"
    "@parcel/watcher-linux-x64-glibc" "2.5.0"
    "@parcel/watcher-linux-x64-musl" "2.5.0"
    "@parcel/watcher-win32-arm64" "2.5.0"
    "@parcel/watcher-win32-ia32" "2.5.0"
    "@parcel/watcher-win32-x64" "2.5.0"

"@popperjs/core@2.11.8":
  version "2.11.8"
  resolved "https://registry.yarnpkg.com/@popperjs/core/-/core-2.11.8.tgz#6b79032e760a0899cd4204710beede972a3a185f"
  integrity sha512-P1st0aksCrn9sGZhp8GMYwBnQsbvAWsZAX44oXNNvLHGqAOcoVxmjZiohstwQ7SqKnbR47akdNi+uleWD8+g6A==

"@rails/actioncable@>=7.0":
  version "8.0.200"
  resolved "https://registry.yarnpkg.com/@rails/actioncable/-/actioncable-8.0.200.tgz#1d27d9d55e45266e061190db045925e0b4d53d6b"
  integrity sha512-EDqWyxck22BHmv1e+mD8Kl6GmtNkhEPdRfGFT7kvsv1yoXd9iYrqHDVAaR8bKmU/syC5eEZ2I5aWWxtB73ukMw==

bootstrap-icons@1.13.1:
  version "1.13.1"
  resolved "https://registry.yarnpkg.com/bootstrap-icons/-/bootstrap-icons-1.13.1.tgz#0aad3f5b55b67402990e729ce3883416f9cef6c5"
  integrity sha512-ijombt4v6bv5CLeXvRWKy7CuM3TRTuPEuGaGKvTV5cz65rQSY8RQ2JcHt6b90cBBAC7s8fsf2EkQDldzCoXUjw==

bootstrap@5.3.7:
  version "5.3.7"
  resolved "https://registry.yarnpkg.com/bootstrap/-/bootstrap-5.3.7.tgz#8640065036124d961d885d80b5945745e1154d90"
  integrity sha512-7KgiD8UHjfcPBHEpDNg+zGz8L3LqR3GVwqZiBRFX04a1BCArZOz1r2kjly2HQ0WokqTO0v1nF+QAt8dsW4lKlw==

braces@^3.0.3:
  version "3.0.3"
  resolved "https://registry.yarnpkg.com/braces/-/braces-3.0.3.tgz#490332f40919452272d55a8480adc0c441358789"
  integrity sha512-yQbXgO/OSZVD2IsiLlro+7Hf6Q18EJrKSEsdoMzKePKXct3gvD8oLcOQdIzGupr5Fj+EDe8gO/lxc1BzfMpxvA==
  dependencies:
    fill-range "^7.1.1"

chokidar@^4.0.0:
  version "4.0.1"
  resolved "https://registry.yarnpkg.com/chokidar/-/chokidar-4.0.1.tgz#4a6dff66798fb0f72a94f616abbd7e1a19f31d41"
  integrity sha512-n8enUVCED/KVRQlab1hr3MVpcVMvxtZjmEa956u+4YijlmQED223XMSYj2tLuKvr4jcCTzNNMpQDUer72MMmzA==
  dependencies:
    readdirp "^4.0.1"

detect-libc@^1.0.3:
  version "1.0.3"
  resolved "https://registry.yarnpkg.com/detect-libc/-/detect-libc-1.0.3.tgz#fa137c4bd698edf55cd5cd02ac559f91a4c4ba9b"
  integrity sha512-pGjwhsmsp4kL2RTz08wcOlGN83otlqHeD/Z5T8GXZB+/YcpQ/dgo+lbU8ZsGxV0HIvqqxo9l7mqYwyYMD9bKDg==

esbuild@0.27.2:
  version "0.27.2"
  resolved "https://registry.yarnpkg.com/esbuild/-/esbuild-0.27.2.tgz#d83ed2154d5813a5367376bb2292a9296fc83717"
  integrity sha512-HyNQImnsOC7X9PMNaCIeAm4ISCQXs5a5YasTXVliKv4uuBo1dKrG0A+uQS8M5eXjVMnLg3WgXaKvprHlFJQffw==
  optionalDependencies:
    "@esbuild/aix-ppc64" "0.27.2"
    "@esbuild/android-arm" "0.27.2"
    "@esbuild/android-arm64" "0.27.2"
    "@esbuild/android-x64" "0.27.2"
    "@esbuild/darwin-arm64" "0.27.2"
    "@esbuild/darwin-x64" "0.27.2"
    "@esbuild/freebsd-arm64" "0.27.2"
    "@esbuild/freebsd-x64" "0.27.2"
    "@esbuild/linux-arm" "0.27.2"
    "@esbuild/linux-arm64" "0.27.2"
    "@esbuild/linux-ia32" "0.27.2"
    "@esbuild/linux-loong64" "0.27.2"
    "@esbuild/linux-mips64el" "0.27.2"
    "@esbuild/linux-ppc64" "0.27.2"
    "@esbuild/linux-riscv64" "0.27.2"
    "@esbuild/linux-s390x" "0.27.2"
    "@esbuild/linux-x64" "0.27.2"
    "@esbuild/netbsd-arm64" "0.27.2"
    "@esbuild/netbsd-x64" "0.27.2"
    "@esbuild/openbsd-arm64" "0.27.2"
    "@esbuild/openbsd-x64" "0.27.2"
    "@esbuild/openharmony-arm64" "0.27.2"
    "@esbuild/sunos-x64" "0.27.2"
    "@esbuild/win32-arm64" "0.27.2"
    "@esbuild/win32-ia32" "0.27.2"
    "@esbuild/win32-x64" "0.27.2"

fill-range@^7.1.1:
  version "7.1.1"
  resolved "https://registry.yarnpkg.com/fill-range/-/fill-range-7.1.1.tgz#44265d3cac07e3ea7dc247516380643754a05292"
  integrity sha512-YsGpe3WHLK8ZYi4tWDg2Jy3ebRz2rXowDxnld4bkQB00cc/1Zw9AWnC0i9ztDJitivtQvaI9KaLyKrc+hBW0yg==
  dependencies:
    to-regex-range "^5.0.1"

immutable@^5.0.2:
  version "5.0.2"
  resolved "https://registry.yarnpkg.com/immutable/-/immutable-5.0.2.tgz#bb8a987349a73efbe6b3b292a9cbaf1b530d296b"
  integrity sha512-1NU7hWZDkV7hJ4PJ9dur9gTNQ4ePNPN4k9/0YhwjzykTi/+3Q5pF93YU5QoVj8BuOnhLgaY8gs0U2pj4kSYVcw==

is-extglob@^2.1.1:
  version "2.1.1"
  resolved "https://registry.npmjs.org/is-extglob/-/is-extglob-2.1.1.tgz"
  integrity sha1-qIwCU1eR8C7TfHahueqXc8gz+MI=

is-glob@^4.0.3:
  version "4.0.3"
  resolved "https://registry.yarnpkg.com/is-glob/-/is-glob-4.0.3.tgz#64f61e42cbbb2eec2071a9dac0b28ba1e65d5084"
  integrity sha512-xelSayHH36ZgE7ZWhli7pW34hNbNl8Ojv5KVmkJD4hBdD3th8Tfk9vYasLM+mXWOZhFkgZfxhLSnrwRr4elSSg==
  dependencies:
    is-extglob "^2.1.1"

is-number@^7.0.0:
  version "7.0.0"
  resolved "https://registry.npmjs.org/is-number/-/is-number-7.0.0.tgz"
  integrity sha512-41Cifkg6e8TylSpdtTpeLVMqvSBEVzTttHvERD741+pnZ8ANv0004MRL43QKPDlK9cGvNp6NZWZUBlbGXYxxng==

micromatch@^4.0.5:
  version "4.0.8"
  resolved "https://registry.yarnpkg.com/micromatch/-/micromatch-4.0.8.tgz#d66fa18f3a47076789320b9b1af32bd86d9fa202"
  integrity sha512-PXwfBhYu0hBCPw8Dn0E+WDYb7af3dSLVWKi3HGv84IdF4TyFoC0ysxFd0Goxw7nSv4T/PzEJQxsYsEiFCKo2BA==
  dependencies:
    braces "^3.0.3"
    picomatch "^2.3.1"

node-addon-api@^7.0.0:
  version "7.1.1"
  resolved "https://registry.yarnpkg.com/node-addon-api/-/node-addon-api-7.1.1.tgz#1aba6693b0f255258a049d621329329322aad558"
  integrity sha512-5m3bsyrjFWE1xf7nz7YXdN4udnVtXK6/Yfgn5qnahL6bCkf2yKt4k3nuTKAtT4r3IG8JNR2ncsIMdZuAzJjHQQ==

picomatch@^2.3.1:
  version "2.3.1"
  resolved "https://registry.yarnpkg.com/picomatch/-/picomatch-2.3.1.tgz#3ba3833733646d9d3e4995946c1365a67fb07a42"
  integrity sha512-JU3teHTNjmE2VCGFzuY8EXzCDVwEqB2a8fsIvwaStHhAWJEeVd1o1QD80CU6+ZdEXXSLbSsuLwJjkCBWqRQUVA==

readdirp@^4.0.1:
  version "4.0.2"
  resolved "https://registry.yarnpkg.com/readdirp/-/readdirp-4.0.2.tgz#388fccb8b75665da3abffe2d8f8ed59fe74c230a"
  integrity sha512-yDMz9g+VaZkqBYS/ozoBJwaBhTbZo3UNYQHNRw1D3UFQB8oHB4uS/tAODO+ZLjGWmUbKnIlOWO+aaIiAxrUWHA==

sass@1.89.2:
  version "1.89.2"
  resolved "https://registry.yarnpkg.com/sass/-/sass-1.89.2.tgz#a771716aeae774e2b529f72c0ff2dfd46c9de10e"
  integrity sha512-xCmtksBKd/jdJ9Bt9p7nPKiuqrlBMBuuGkQlkhZjjQk3Ty48lv93k5Dq6OPkKt4XwxDJ7tvlfrTa1MPA9bf+QA==
  dependencies:
    chokidar "^4.0.0"
    immutable "^5.0.2"
    source-map-js ">=0.6.2 <2.0.0"
  optionalDependencies:
    "@parcel/watcher" "^2.4.1"

"source-map-js@>=0.6.2 <2.0.0":
  version "1.0.2"
  resolved "https://registry.yarnpkg.com/source-map-js/-/source-map-js-1.0.2.tgz#adbc361d9c62df380125e7f161f71c826f1e490c"
  integrity sha512-R0XvVJ9WusLiqTCEiGCmICCMplcCkIwwR11mOSD9CR5u+IXYdiseeEuXCVAjS54zqwkLcPNnmU4OeJ6tUrWhDw==

to-regex-range@^5.0.1:
  version "5.0.1"
  resolved "https://registry.npmjs.org/to-regex-range/-/to-regex-range-5.0.1.tgz"
  integrity sha512-65P7iz6X5yEr1cwcgvQxbbIw7Uk3gOy5dIdtZ4rDveLqhrdJP+Li/Hx6tyK0NEb+2GCyneCMJiGqrADCSNk8sQ==
  dependencies:
    is-number "^7.0.0"
